
Microsoft Visual Studio Solution File, Format Version 12.00
# Visual Studio Version 18
VisualStudioVersion = 18.5.11716.220
MinimumVisualStudioVersion = 10.0.40219.1
Project("{FAE04EC0-301F-11D3-BF4B-00C04F79EFBC}") = "CookBookBackend", "CookBookBackend.csproj", "{CC03B030-0F31-454A-BA1D-9A681A8C9A26}"
EndProject
Project("{FAE04EC0-301F-11D3-BF4B-00C04F79EFBC}") = "CookBookBackend.Tests", "..\CookBookBackend.Tests\CookBookBackend.Tests.csproj", "{7D176C1C-798A-44B2-A807-A6591D6E2B9D}"
EndProject
Global
	GlobalSection(SolutionConfigurationPlatforms) = preSolution
		Debug|Any CPU = Debug|Any CPU
		Release|Any CPU = Release|Any CPU
	EndGlobalSection
	GlobalSection(ProjectConfigurationPlatforms) = postSolution
		{CC03B030-0F31-454A-BA1D-9A681A8C9A26}.Debug|Any CPU.ActiveCfg = Debug|Any CPU
		{CC03B030-0F31-454A-BA1D-9A681A8C9A26}.Debug|Any CPU.Build.0 = Debug|Any CPU
		{CC03B030-0F31-454A-BA1D-9A681A8C9A26}.Release|Any CPU.ActiveCfg = Release|Any CPU
		{CC03B030-0F31-454A-BA1D-9A681A8C9A26}.Release|Any CPU.Build.0 = Release|Any CPU
		{7D176C1C-798A-44B2-A807-A6591D6E2B9D}.Debug|Any CPU.ActiveCfg = Debug|Any CPU
		{7D176C1C-798A-44B2-A807-A6591D6E2B9D}.Debug|Any CPU.Build.0 = Debug|Any CPU
		{7D176C1C-798A-44B2-A807-A6591D6E2B9D}.Release|Any CPU.ActiveCfg = Release|Any CPU
		{7D176C1C-798A-44B2-A807-A6591D6E2B9D}.Release|Any CPU.Build.0 = Release|Any CPU
	EndGlobalSection
	GlobalSection(SolutionProperties) = preSolution
		HideSolutionNode = FALSE
	EndGlobalSection
	GlobalSection(ExtensibilityGlobals) = postSolution
		SolutionGuid = {3B9357B5-295D-4D3B-8025-C373466204FC}
	EndGlobalSection
EndGlobal
